
Microsoft Visual Studio Solution File, Format Version 12.00
# Visual Studio Version 17
VisualStudioVersion = 17.0.31903.59
MinimumVisualStudioVersion = 10.0.40219.1
Project("{2150E333-8FDC-42A3-9474-1A3956D46DE8}") = "src", "src", "{827E0CD3-B72D-47B6-A68D-7590B98EB39B}"
EndProject
Project("{FAE04EC0-301F-11D3-BF4B-00C04F79EFBC}") = "AsyncScapeIA.Domain", "src\AsyncScapeIA.Domain\AsyncScapeIA.Domain.csproj", "{AEAF3A0C-855C-4FA2-A33A-77816A4ACB06}"
EndProject
Project("{FAE04EC0-301F-11D3-BF4B-00C04F79EFBC}") = "AsyncScapeIA.Application", "src\AsyncScapeIA.Application\AsyncScapeIA.Application.csproj", "{9A0C8645-6079-430D-970D-85C7DC960F15}"
EndProject
Project("{FAE04EC0-301F-11D3-BF4B-00C04F79EFBC}") = "AsyncScapeIA.Infrastructure", "src\AsyncScapeIA.Infrastructure\AsyncScapeIA.Infrastructure.csproj", "{798C99C0-36B2-492C-BF3F-07BD28B1ED31}"
EndProject
Project("{FAE04EC0-301F-11D3-BF4B-00C04F79EFBC}") = "AsyncScapeIA.Integrations", "src\AsyncScapeIA.Integrations\AsyncScapeIA.Integrations.csproj", "{206351C1-586D-4527-97D5-5DB26A1A42E5}"
EndProject
Project("{FAE04EC0-301F-11D3-BF4B-00C04F79EFBC}") = "AsyncScapeIA.Shared", "src\AsyncScapeIA.Shared\AsyncScapeIA.Shared.csproj", "{B419BB55-A3CC-477A-84AE-37D10DF41A69}"
EndProject
Project("{FAE04EC0-301F-11D3-BF4B-00C04F79EFBC}") = "AsyncScapeIA.WebApp", "src\AsyncScapeIA.WebApp\AsyncScapeIA.WebApp.csproj", "{4C07F2F7-5874-4947-BC3A-9914CFA6AACD}"
EndProject
Project("{FAE04EC0-301F-11D3-BF4B-00C04F79EFBC}") = "AsyncScapeIA.Workers", "src\AsyncScapeIA.Workers\AsyncScapeIA.Workers.csproj", "{3724FDAA-721A-45DD-9D1E-C65782D1D9C5}"
EndProject
Project("{2150E333-8FDC-42A3-9474-1A3956D46DE8}") = "tests", "tests", "{0AB3BF05-4346-4AA6-1389-037BE0695223}"
EndProject
Project("{FAE04EC0-301F-11D3-BF4B-00C04F79EFBC}") = "AsyncScapeIA.UnitTests", "tests\AsyncScapeIA.UnitTests\AsyncScapeIA.UnitTests.csproj", "{AC22B61C-4303-43DC-AE7F-18BAD4E8552F}"
EndProject
Project("{FAE04EC0-301F-11D3-BF4B-00C04F79EFBC}") = "AsyncScapeIA.ApplicationTests", "tests\AsyncScapeIA.ApplicationTests\AsyncScapeIA.ApplicationTests.csproj", "{20E819B6-DC61-4F0F-AA8C-DF59ECC7FF0C}"
EndProject
Project("{FAE04EC0-301F-11D3-BF4B-00C04F79EFBC}") = "AsyncScapeIA.IntegrationTests", "tests\AsyncScapeIA.IntegrationTests\AsyncScapeIA.IntegrationTests.csproj", "{8BE16C77-4125-4C25-A917-9B20A4BC194C}"
EndProject
Project("{FAE04EC0-301F-11D3-BF4B-00C04F79EFBC}") = "AsyncScapeIA.ComponentTests", "tests\AsyncScapeIA.ComponentTests\AsyncScapeIA.ComponentTests.csproj", "{15A85ABF-8C95-4C30-A38E-9519D8B6A46B}"
EndProject
Project("{FAE04EC0-301F-11D3-BF4B-00C04F79EFBC}") = "AsyncScapeIA.UITests", "tests\AsyncScapeIA.UITests\AsyncScapeIA.UITests.csproj", "{DDE040F7-18E0-457C-9F9B-16E824243740}"
EndProject
Project("{FAE04EC0-301F-11D3-BF4B-00C04F79EFBC}") = "Aspire.AppHost", "Aspire.AppHost\Aspire.AppHost.csproj", "{78FA7E11-5F9C-476C-84C5-72C515BC77B4}"
EndProject
Project("{FAE04EC0-301F-11D3-BF4B-00C04F79EFBC}") = "Aspire.ServiceDefaults", "Aspire.ServiceDefaults\Aspire.ServiceDefaults.csproj", "{E0023E23-65D9-43E0-8CFA-6E9BDA085575}"
EndProject
Global
	GlobalSection(SolutionConfigurationPlatforms) = preSolution
		Debug|Any CPU = Debug|Any CPU
		Debug|x64 = Debug|x64
		Debug|x86 = Debug|x86
		Release|Any CPU = Release|Any CPU
		Release|x64 = Release|x64
		Release|x86 = Release|x86
	EndGlobalSection
	GlobalSection(ProjectConfigurationPlatforms) = postSolution
		{AEAF3A0C-855C-4FA2-A33A-77816A4ACB06}.Debug|Any CPU.ActiveCfg = Debug|Any CPU
		{AEAF3A0C-855C-4FA2-A33A-77816A4ACB06}.Debug|Any CPU.Build.0 = Debug|Any CPU
		{AEAF3A0C-855C-4FA2-A33A-77816A4ACB06}.Debug|x64.ActiveCfg = Debug|Any CPU
		{AEAF3A0C-855C-4FA2-A33A-77816A4ACB06}.Debug|x64.Build.0 = Debug|Any CPU
		{AEAF3A0C-855C-4FA2-A33A-77816A4ACB06}.Debug|x86.ActiveCfg = Debug|Any CPU
		{AEAF3A0C-855C-4FA2-A33A-77816A4ACB06}.Debug|x86.Build.0 = Debug|Any CPU
		{AEAF3A0C-855C-4FA2-A33A-77816A4ACB06}.Release|Any CPU.ActiveCfg = Release|Any CPU
		{AEAF3A0C-855C-4FA2-A33A-77816A4ACB06}.Release|Any CPU.Build.0 = Release|Any CPU
		{AEAF3A0C-855C-4FA2-A33A-77816A4ACB06}.Release|x64.ActiveCfg = Release|Any CPU
		{AEAF3A0C-855C-4FA2-A33A-77816A4ACB06}.Release|x64.Build.0 = Release|Any CPU
		{AEAF3A0C-855C-4FA2-A33A-77816A4ACB06}.Release|x86.ActiveCfg = Release|Any CPU
		{AEAF3A0C-855C-4FA2-A33A-77816A4ACB06}.Release|x86.Build.0 = Release|Any CPU
		{9A0C8645-6079-430D-970D-85C7DC960F15}.Debug|Any CPU.ActiveCfg = Debug|Any CPU
		{9A0C8645-6079-430D-970D-85C7DC960F15}.Debug|Any CPU.Build.0 = Debug|Any CPU
		{9A0C8645-6079-430D-970D-85C7DC960F15}.Debug|x64.ActiveCfg = Debug|Any CPU
		{9A0C8645-6079-430D-970D-85C7DC960F15}.Debug|x64.Build.0 = Debug|Any CPU
		{9A0C8645-6079-430D-970D-85C7DC960F15}.Debug|x86.ActiveCfg = Debug|Any CPU
		{9A0C8645-6079-430D-970D-85C7DC960F15}.Debug|x86.Build.0 = Debug|Any CPU
		{9A0C8645-6079-430D-970D-85C7DC960F15}.Release|Any CPU.ActiveCfg = Release|Any CPU
		{9A0C8645-6079-430D-970D-85C7DC960F15}.Release|Any CPU.Build.0 = Release|Any CPU
		{9A0C8645-6079-430D-970D-85C7DC960F15}.Release|x64.ActiveCfg = Release|Any CPU
		{9A0C8645-6079-430D-970D-85C7DC960F15}.Release|x64.Build.0 = Release|Any CPU
		{9A0C8645-6079-430D-970D-85C7DC960F15}.Release|x86.ActiveCfg = Release|Any CPU
		{9A0C8645-6079-430D-970D-85C7DC960F15}.Release|x86.Build.0 = Release|Any CPU
		{798C99C0-36B2-492C-BF3F-07BD28B1ED31}.Debug|Any CPU.ActiveCfg = Debug|Any CPU
		{798C99C0-36B2-492C-BF3F-07BD28B1ED31}.Debug|Any CPU.Build.0 = Debug|Any CPU
		{798C99C0-36B2-492C-BF3F-07BD28B1ED31}.Debug|x64.ActiveCfg = Debug|Any CPU
		{798C99C0-36B2-492C-BF3F-07BD28B1ED31}.Debug|x64.Build.0 = Debug|Any CPU
		{798C99C0-36B2-492C-BF3F-07BD28B1ED31}.Debug|x86.ActiveCfg = Debug|Any CPU
		{798C99C0-36B2-492C-BF3F-07BD28B1ED31}.Debug|x86.Build.0 = Debug|Any CPU
		{798C99C0-36B2-492C-BF3F-07BD28B1ED31}.Release|Any CPU.ActiveCfg = Release|Any CPU
		{798C99C0-36B2-492C-BF3F-07BD28B1ED31}.Release|Any CPU.Build.0 = Release|Any CPU
		{798C99C0-36B2-492C-BF3F-07BD28B1ED31}.Release|x64.ActiveCfg = Release|Any CPU
		{798C99C0-36B2-492C-BF3F-07BD28B1ED31}.Release|x64.Build.0 = Release|Any CPU
		{798C99C0-36B2-492C-BF3F-07BD28B1ED31}.Release|x86.ActiveCfg = Release|Any CPU
		{798C99C0-36B2-492C-BF3F-07BD28B1ED31}.Release|x86.Build.0 = Release|Any CPU
		{206351C1-586D-4527-97D5-5DB26A1A42E5}.Debug|Any CPU.ActiveCfg = Debug|Any CPU
		{206351C1-586D-4527-97D5-5DB26A1A42E5}.Debug|Any CPU.Build.0 = Debug|Any CPU
		{206351C1-586D-4527-97D5-5DB26A1A42E5}.Debug|x64.ActiveCfg = Debug|Any CPU
		{206351C1-586D-4527-97D5-5DB26A1A42E5}.Debug|x64.Build.0 = Debug|Any CPU
		{206351C1-586D-4527-97D5-5DB26A1A42E5}.Debug|x86.ActiveCfg = Debug|Any CPU
		{206351C1-586D-4527-97D5-5DB26A1A42E5}.Debug|x86.Build.0 = Debug|Any CPU
		{206351C1-586D-4527-97D5-5DB26A1A42E5}.Release|Any CPU.ActiveCfg = Release|Any CPU
		{206351C1-586D-4527-97D5-5DB26A1A42E5}.Release|Any CPU.Build.0 = Release|Any CPU
		{206351C1-586D-4527-97D5-5DB26A1A42E5}.Release|x64.ActiveCfg = Release|Any CPU
		{206351C1-586D-4527-97D5-5DB26A1A42E5}.Release|x64.Build.0 = Release|Any CPU
		{206351C1-586D-4527-97D5-5DB26A1A42E5}.Release|x86.ActiveCfg = Release|Any CPU
		{206351C1-586D-4527-97D5-5DB26A1A42E5}.Release|x86.Build.0 = Release|Any CPU
		{B419BB55-A3CC-477A-84AE-37D10DF41A69}.Debug|Any CPU.ActiveCfg = Debug|Any CPU
		{B419BB55-A3CC-477A-84AE-37D10DF41A69}.Debug|Any CPU.Build.0 = Debug|Any CPU
		{B419BB55-A3CC-477A-84AE-37D10DF41A69}.Debug|x64.ActiveCfg = Debug|Any CPU
		{B419BB55-A3CC-477A-84AE-37D10DF41A69}.Debug|x64.Build.0 = Debug|Any CPU
		{B419BB55-A3CC-477A-84AE-37D10DF41A69}.Debug|x86.ActiveCfg = Debug|Any CPU
		{B419BB55-A3CC-477A-84AE-37D10DF41A69}.Debug|x86.Build.0 = Debug|Any CPU
		{B419BB55-A3CC-477A-84AE-37D10DF41A69}.Release|Any CPU.ActiveCfg = Release|Any CPU
		{B419BB55-A3CC-477A-84AE-37D10DF41A69}.Release|Any CPU.Build.0 = Release|Any CPU
		{B419BB55-A3CC-477A-84AE-37D10DF41A69}.Release|x64.ActiveCfg = Release|Any CPU
		{B419BB55-A3CC-477A-84AE-37D10DF41A69}.Release|x64.Build.0 = Release|Any CPU
		{B419BB55-A3CC-477A-84AE-37D10DF41A69}.Release|x86.ActiveCfg = Release|Any CPU
		{B419BB55-A3CC-477A-84AE-37D10DF41A69}.Release|x86.Build.0 = Release|Any CPU
		{4C07F2F7-5874-4947-BC3A-9914CFA6AACD}.Debug|Any CPU.ActiveCfg = Debug|Any CPU
		{4C07F2F7-5874-4947-BC3A-9914CFA6AACD}.Debug|Any CPU.Build.0 = Debug|Any CPU
		{4C07F2F7-5874-4947-BC3A-9914CFA6AACD}.Debug|x64.ActiveCfg = Debug|Any CPU
		{4C07F2F7-5874-4947-BC3A-9914CFA6AACD}.Debug|x64.Build.0 = Debug|Any CPU
		{4C07F2F7-5874-4947-BC3A-9914CFA6AACD}.Debug|x86.ActiveCfg = Debug|Any CPU
		{4C07F2F7-5874-4947-BC3A-9914CFA6AACD}.Debug|x86.Build.0 = Debug|Any CPU
		{4C07F2F7-5874-4947-BC3A-9914CFA6AACD}.Release|Any CPU.ActiveCfg = Release|Any CPU
		{4C07F2F7-5874-4947-BC3A-9914CFA6AACD}.Release|Any CPU.Build.0 = Release|Any CPU
		{4C07F2F7-5874-4947-BC3A-9914CFA6AACD}.Release|x64.ActiveCfg = Release|Any CPU
		{4C07F2F7-5874-4947-BC3A-9914CFA6AACD}.Release|x64.Build.0 = Release|Any CPU
		{4C07F2F7-5874-4947-BC3A-9914CFA6AACD}.Release|x86.ActiveCfg = Release|Any CPU
		{4C07F2F7-5874-4947-BC3A-9914CFA6AACD}.Release|x86.Build.0 = Release|Any CPU
		{3724FDAA-721A-45DD-9D1E-C65782D1D9C5}.Debug|Any CPU.ActiveCfg = Debug|Any CPU
		{3724FDAA-721A-45DD-9D1E-C65782D1D9C5}.Debug|Any CPU.Build.0 = Debug|Any CPU
		{3724FDAA-721A-45DD-9D1E-C65782D1D9C5}.Debug|x64.ActiveCfg = Debug|Any CPU
		{3724FDAA-721A-45DD-9D1E-C65782D1D9C5}.Debug|x64.Build.0 = Debug|Any CPU
		{3724FDAA-721A-45DD-9D1E-C65782D1D9C5}.Debug|x86.ActiveCfg = Debug|Any CPU
		{3724FDAA-721A-45DD-9D1E-C65782D1D9C5}.Debug|x86.Build.0 = Debug|Any CPU
		{3724FDAA-721A-45DD-9D1E-C65782D1D9C5}.Release|Any CPU.ActiveCfg = Release|Any CPU
		{3724FDAA-721A-45DD-9D1E-C65782D1D9C5}.Release|Any CPU.Build.0 = Release|Any CPU
		{3724FDAA-721A-45DD-9D1E-C65782D1D9C5}.Release|x64.ActiveCfg = Release|Any CPU
		{3724FDAA-721A-45DD-9D1E-C65782D1D9C5}.Release|x64.Build.0 = Release|Any CPU
		{3724FDAA-721A-45DD-9D1E-C65782D1D9C5}.Release|x86.ActiveCfg = Release|Any CPU
		{3724FDAA-721A-45DD-9D1E-C65782D1D9C5}.Release|x86.Build.0 = Release|Any CPU
		{AC22B61C-4303-43DC-AE7F-18BAD4E8552F}.Debug|Any CPU.ActiveCfg = Debug|Any CPU
		{AC22B61C-4303-43DC-AE7F-18BAD4E8552F}.Debug|Any CPU.Build.0 = Debug|Any CPU
		{AC22B61C-4303-43DC-AE7F-18BAD4E8552F}.Debug|x64.ActiveCfg = Debug|Any CPU
		{AC22B61C-4303-43DC-AE7F-18BAD4E8552F}.Debug|x64.Build.0 = Debug|Any CPU
		{AC22B61C-4303-43DC-AE7F-18BAD4E8552F}.Debug|x86.ActiveCfg = Debug|Any CPU
		{AC22B61C-4303-43DC-AE7F-18BAD4E8552F}.Debug|x86.Build.0 = Debug|Any CPU
		{AC22B61C-4303-43DC-AE7F-18BAD4E8552F}.Release|Any CPU.ActiveCfg = Release|Any CPU
		{AC22B61C-4303-43DC-AE7F-18BAD4E8552F}.Release|Any CPU.Build.0 = Release|Any CPU
		{AC22B61C-4303-43DC-AE7F-18BAD4E8552F}.Release|x64.ActiveCfg = Release|Any CPU
		{AC22B61C-4303-43DC-AE7F-18BAD4E8552F}.Release|x64.Build.0 = Release|Any CPU
		{AC22B61C-4303-43DC-AE7F-18BAD4E8552F}.Release|x86.ActiveCfg = Release|Any CPU
		{AC22B61C-4303-43DC-AE7F-18BAD4E8552F}.Release|x86.Build.0 = Release|Any CPU
		{20E819B6-DC61-4F0F-AA8C-DF59ECC7FF0C}.Debug|Any CPU.ActiveCfg = Debug|Any CPU
		{20E819B6-DC61-4F0F-AA8C-DF59ECC7FF0C}.Debug|Any CPU.Build.0 = Debug|Any CPU
		{20E819B6-DC61-4F0F-AA8C-DF59ECC7FF0C}.Debug|x64.ActiveCfg = Debug|Any CPU
		{20E819B6-DC61-4F0F-AA8C-DF59ECC7FF0C}.Debug|x64.Build.0 = Debug|Any CPU
		{20E819B6-DC61-4F0F-AA8C-DF59ECC7FF0C}.Debug|x86.ActiveCfg = Debug|Any CPU
		{20E819B6-DC61-4F0F-AA8C-DF59ECC7FF0C}.Debug|x86.Build.0 = Debug|Any CPU
		{20E819B6-DC61-4F0F-AA8C-DF59ECC7FF0C}.Release|Any CPU.ActiveCfg = Release|Any CPU
		{20E819B6-DC61-4F0F-AA8C-DF59ECC7FF0C}.Release|Any CPU.Build.0 = Release|Any CPU
		{20E819B6-DC61-4F0F-AA8C-DF59ECC7FF0C}.Release|x64.ActiveCfg = Release|Any CPU
		{20E819B6-DC61-4F0F-AA8C-DF59ECC7FF0C}.Release|x64.Build.0 = Release|Any CPU
		{20E819B6-DC61-4F0F-AA8C-DF59ECC7FF0C}.Release|x86.ActiveCfg = Release|Any CPU
		{20E819B6-DC61-4F0F-AA8C-DF59ECC7FF0C}.Release|x86.Build.0 = Release|Any CPU
		{8BE16C77-4125-4C25-A917-9B20A4BC194C}.Debug|Any CPU.ActiveCfg = Debug|Any CPU
		{8BE16C77-4125-4C25-A917-9B20A4BC194C}.Debug|Any CPU.Build.0 = Debug|Any CPU
		{8BE16C77-4125-4C25-A917-9B20A4BC194C}.Debug|x64.ActiveCfg = Debug|Any CPU
		{8BE16C77-4125-4C25-A917-9B20A4BC194C}.Debug|x64.Build.0 = Debug|Any CPU
		{8BE16C77-4125-4C25-A917-9B20A4BC194C}.Debug|x86.ActiveCfg = Debug|Any CPU
		{8BE16C77-4125-4C25-A917-9B20A4BC194C}.Debug|x86.Build.0 = Debug|Any CPU
		{8BE16C77-4125-4C25-A917-9B20A4BC194C}.Release|Any CPU.ActiveCfg = Release|Any CPU
		{8BE16C77-4125-4C25-A917-9B20A4BC194C}.Release|Any CPU.Build.0 = Release|Any CPU
		{8BE16C77-4125-4C25-A917-9B20A4BC194C}.Release|x64.ActiveCfg = Release|Any CPU
		{8BE16C77-4125-4C25-A917-9B20A4BC194C}.Release|x64.Build.0 = Release|Any CPU
		{8BE16C77-4125-4C25-A917-9B20A4BC194C}.Release|x86.ActiveCfg = Release|Any CPU
		{8BE16C77-4125-4C25-A917-9B20A4BC194C}.Release|x86.Build.0 = Release|Any CPU
		{15A85ABF-8C95-4C30-A38E-9519D8B6A46B}.Debug|Any CPU.ActiveCfg = Debug|Any CPU
		{15A85ABF-8C95-4C30-A38E-9519D8B6A46B}.Debug|Any CPU.Build.0 = Debug|Any CPU
		{15A85ABF-8C95-4C30-A38E-9519D8B6A46B}.Debug|x64.ActiveCfg = Debug|Any CPU
		{15A85ABF-8C95-4C30-A38E-9519D8B6A46B}.Debug|x64.Build.0 = Debug|Any CPU
		{15A85ABF-8C95-4C30-A38E-9519D8B6A46B}.Debug|x86.ActiveCfg = Debug|Any CPU
		{15A85ABF-8C95-4C30-A38E-9519D8B6A46B}.Debug|x86.Build.0 = Debug|Any CPU
		{15A85ABF-8C95-4C30-A38E-9519D8B6A46B}.Release|Any CPU.ActiveCfg = Release|Any CPU
		{15A85ABF-8C95-4C30-A38E-9519D8B6A46B}.Release|Any CPU.Build.0 = Release|Any CPU
		{15A85ABF-8C95-4C30-A38E-9519D8B6A46B}.Release|x64.ActiveCfg = Release|Any CPU
		{15A85ABF-8C95-4C30-A38E-9519D8B6A46B}.Release|x64.Build.0 = Release|Any CPU
		{15A85ABF-8C95-4C30-A38E-9519D8B6A46B}.Release|x86.ActiveCfg = Release|Any CPU
		{15A85ABF-8C95-4C30-A38E-9519D8B6A46B}.Release|x86.Build.0 = Release|Any CPU
		{DDE040F7-18E0-457C-9F9B-16E824243740}.Debug|Any CPU.ActiveCfg = Debug|Any CPU
		{DDE040F7-18E0-457C-9F9B-16E824243740}.Debug|Any CPU.Build.0 = Debug|Any CPU
		{DDE040F7-18E0-457C-9F9B-16E824243740}.Debug|x64.ActiveCfg = Debug|Any CPU
		{DDE040F7-18E0-457C-9F9B-16E824243740}.Debug|x64.Build.0 = Debug|Any CPU
		{DDE040F7-18E0-457C-9F9B-16E824243740}.Debug|x86.ActiveCfg = Debug|Any CPU
		{DDE040F7-18E0-457C-9F9B-16E824243740}.Debug|x86.Build.0 = Debug|Any CPU
		{DDE040F7-18E0-457C-9F9B-16E824243740}.Release|Any CPU.ActiveCfg = Release|Any CPU
		{DDE040F7-18E0-457C-9F9B-16E824243740}.Release|Any CPU.Build.0 = Release|Any CPU
		{DDE040F7-18E0-457C-9F9B-16E824243740}.Release|x64.ActiveCfg = Release|Any CPU
		{DDE040F7-18E0-457C-9F9B-16E824243740}.Release|x64.Build.0 = Release|Any CPU
		{DDE040F7-18E0-457C-9F9B-16E824243740}.Release|x86.ActiveCfg = Release|Any CPU
		{DDE040F7-18E0-457C-9F9B-16E824243740}.Release|x86.Build.0 = Release|Any CPU
		{78FA7E11-5F9C-476C-84C5-72C515BC77B4}.Debug|Any CPU.ActiveCfg = Debug|Any CPU
		{78FA7E11-5F9C-476C-84C5-72C515BC77B4}.Debug|Any CPU.Build.0 = Debug|Any CPU
		{78FA7E11-5F9C-476C-84C5-72C515BC77B4}.Debug|x64.ActiveCfg = Debug|Any CPU
		{78FA7E11-5F9C-476C-84C5-72C515BC77B4}.Debug|x64.Build.0 = Debug|Any CPU
		{78FA7E11-5F9C-476C-84C5-72C515BC77B4}.Debug|x86.ActiveCfg = Debug|Any CPU
		{78FA7E11-5F9C-476C-84C5-72C515BC77B4}.Debug|x86.Build.0 = Debug|Any CPU
		{78FA7E11-5F9C-476C-84C5-72C515BC77B4}.Release|Any CPU.ActiveCfg = Release|Any CPU
		{78FA7E11-5F9C-476C-84C5-72C515BC77B4}.Release|Any CPU.Build.0 = Release|Any CPU
		{78FA7E11-5F9C-476C-84C5-72C515BC77B4}.Release|x64.ActiveCfg = Release|Any CPU
		{78FA7E11-5F9C-476C-84C5-72C515BC77B4}.Release|x64.Build.0 = Release|Any CPU
		{78FA7E11-5F9C-476C-84C5-72C515BC77B4}.Release|x86.ActiveCfg = Release|Any CPU
		{78FA7E11-5F9C-476C-84C5-72C515BC77B4}.Release|x86.Build.0 = Release|Any CPU
		{E0023E23-65D9-43E0-8CFA-6E9BDA085575}.Debug|Any CPU.ActiveCfg = Debug|Any CPU
		{E0023E23-65D9-43E0-8CFA-6E9BDA085575}.Debug|Any CPU.Build.0 = Debug|Any CPU
		{E0023E23-65D9-43E0-8CFA-6E9BDA085575}.Debug|x64.ActiveCfg = Debug|Any CPU
		{E0023E23-65D9-43E0-8CFA-6E9BDA085575}.Debug|x64.Build.0 = Debug|Any CPU
		{E0023E23-65D9-43E0-8CFA-6E9BDA085575}.Debug|x86.ActiveCfg = Debug|Any CPU
		{E0023E23-65D9-43E0-8CFA-6E9BDA085575}.Debug|x86.Build.0 = Debug|Any CPU
		{E0023E23-65D9-43E0-8CFA-6E9BDA085575}.Release|Any CPU.ActiveCfg = Release|Any CPU
		{E0023E23-65D9-43E0-8CFA-6E9BDA085575}.Release|Any CPU.Build.0 = Release|Any CPU
		{E0023E23-65D9-43E0-8CFA-6E9BDA085575}.Release|x64.ActiveCfg = Release|Any CPU
		{E0023E23-65D9-43E0-8CFA-6E9BDA085575}.Release|x64.Build.0 = Release|Any CPU
		{E0023E23-65D9-43E0-8CFA-6E9BDA085575}.Release|x86.ActiveCfg = Release|Any CPU
		{E0023E23-65D9-43E0-8CFA-6E9BDA085575}.Release|x86.Build.0 = Release|Any CPU
	EndGlobalSection
	GlobalSection(SolutionProperties) = preSolution
		HideSolutionNode = FALSE
	EndGlobalSection
	GlobalSection(NestedProjects) = preSolution
		{AEAF3A0C-855C-4FA2-A33A-77816A4ACB06} = {827E0CD3-B72D-47B6-A68D-7590B98EB39B}
		{9A0C8645-6079-430D-970D-85C7DC960F15} = {827E0CD3-B72D-47B6-A68D-7590B98EB39B}
		{798C99C0-36B2-492C-BF3F-07BD28B1ED31} = {827E0CD3-B72D-47B6-A68D-7590B98EB39B}
		{206351C1-586D-4527-97D5-5DB26A1A42E5} = {827E0CD3-B72D-47B6-A68D-7590B98EB39B}
		{B419BB55-A3CC-477A-84AE-37D10DF41A69} = {827E0CD3-B72D-47B6-A68D-7590B98EB39B}
		{4C07F2F7-5874-4947-BC3A-9914CFA6AACD} = {827E0CD3-B72D-47B6-A68D-7590B98EB39B}
		{3724FDAA-721A-45DD-9D1E-C65782D1D9C5} = {827E0CD3-B72D-47B6-A68D-7590B98EB39B}
		{AC22B61C-4303-43DC-AE7F-18BAD4E8552F} = {0AB3BF05-4346-4AA6-1389-037BE0695223}
		{20E819B6-DC61-4F0F-AA8C-DF59ECC7FF0C} = {0AB3BF05-4346-4AA6-1389-037BE0695223}
		{8BE16C77-4125-4C25-A917-9B20A4BC194C} = {0AB3BF05-4346-4AA6-1389-037BE0695223}
		{15A85ABF-8C95-4C30-A38E-9519D8B6A46B} = {0AB3BF05-4346-4AA6-1389-037BE0695223}
		{DDE040F7-18E0-457C-9F9B-16E824243740} = {0AB3BF05-4346-4AA6-1389-037BE0695223}
	EndGlobalSection
EndGlobal
